
Microsoft Visual Studio Solution File, Format Version 12.00
# Visual Studio Version 17
VisualStudioVersion = 17.14.36623.8 d17.14
MinimumVisualStudioVersion = 10.0.40219.1
Project("{FAE04EC0-301F-11D3-BF4B-00C04F79EFBC}") = "GestionEmpleadosApp", "GestionEmpleadosApp\GestionEmpleadosApp.csproj", "{95C0A440-57AE-4448-BE01-818641D929D3}"
EndProject
Global
	GlobalSection(SolutionConfigurationPlatforms) = preSolution
		Debug|Any CPU = Debug|Any CPU
		Release|Any CPU = Release|Any CPU
	EndGlobalSection
	GlobalSection(ProjectConfigurationPlatforms) = postSolution
		{95C0A440-57AE-4448-BE01-818641D929D3}.Debug|Any CPU.ActiveCfg = Debug|Any CPU
		{95C0A440-57AE-4448-BE01-818641D929D3}.Debug|Any CPU.Build.0 = Debug|Any CPU
		{95C0A440-57AE-4448-BE01-818641D929D3}.Release|Any CPU.ActiveCfg = Release|Any CPU
		{95C0A440-57AE-4448-BE01-818641D929D3}.Release|Any CPU.Build.0 = Release|Any CPU
	EndGlobalSection
	GlobalSection(SolutionProperties) = preSolution
		HideSolutionNode = FALSE
	EndGlobalSection
	GlobalSection(ExtensibilityGlobals) = postSolution
		SolutionGuid = {952BA0E2-424E-4671-84E2-23ACB1609C52}
	EndGlobalSection
EndGlobal
